
Microsoft Visual Studio Solution File, Format Version 12.00
# Visual Studio Version 16
VisualStudioVersion = 16.0.30907.101
MinimumVisualStudioVersion = 10.0.40219.1
Project("{FAE04EC0-301F-11D3-BF4B-00C04F79EFBC}") = "BinaryTree", "BinaryTree.csproj", "{8DFF876C-6A94-49A9-AF6C-1CE273E478EB}"
EndProject
Global
	GlobalSection(SolutionConfigurationPlatforms) = preSolution
		Debug|Any CPU = Debug|Any CPU
		Release|Any CPU = Release|Any CPU
	EndGlobalSection
	GlobalSection(ProjectConfigurationPlatforms) = postSolution
		{8DFF876C-6A94-49A9-AF6C-1CE273E478EB}.Debug|Any CPU.ActiveCfg = Debug|Any CPU
		{8DFF876C-6A94-49A9-AF6C-1CE273E478EB}.Debug|Any CPU.Build.0 = Debug|Any CPU
		{8DFF876C-6A94-49A9-AF6C-1CE273E478EB}.Release|Any CPU.ActiveCfg = Release|Any CPU
		{8DFF876C-6A94-49A9-AF6C-1CE273E478EB}.Release|Any CPU.Build.0 = Release|Any CPU
	EndGlobalSection
	GlobalSection(SolutionProperties) = preSolution
		HideSolutionNode = FALSE
	EndGlobalSection
	GlobalSection(ExtensibilityGlobals) = postSolution
		SolutionGuid = {5EA68D9D-BD46-4DB9-9625-A10545E9A039}
	EndGlobalSection
EndGlobal
